{
  "version": 4,
  "terraform_version": "1.1.5",
  "serial": 31,
  "lineage": "e8dc547f-107e-5df9-2674-f8e03c8ab1d7",
  "outputs": {
    "kmaster0": {
      "value": "20.120.81.13",
      "type": "string"
    },
    "vm_user": {
      "value": "adminuser",
      "type": "string"
    }
  },
  "resources": [
    {
      "mode": "managed",
      "type": "azurerm_linux_virtual_machine",
      "name": "vm0",
      "provider": "provider[\"registry.terraform.io/hashicorp/azurerm\"]",
      "instances": [
        {
          "schema_version": 0,
          "attributes": {
            "additional_capabilities": [],
            "admin_password": null,
            "admin_ssh_key": [
              {
                "public_key": "ssh-rsa AAAAB3NzaC1yc2EAAAADAQABAAABgQCjXHIgw6hNxGNKG0aXTlPUfTY8ocoIlv2aIF7zuyClGJYishdLtBGfNuzALjvYVskPW3YYsN7BVzuprJu9SMWKF68LIxkU/ta7yhn+vaq3dRdS9XxfwliOD1w8pl5qGlnYHJUWCpFx9oXybJvqJDim+WViq/xlD3ImlrpwTr/RKQMm70zgE4DI0yUPu9vqNH8kAA2MlLAM+J59auS6YLnPwN0j2QmY/gUcCrE4Kaors6MibVCQFwA51Kih5SdYNkZHrekF6nhuJKwf+Ydd+YNI5gvaazdWShfhA4SCGs3l8xml6W4p8vCN2J5P105xk3kUx5XwRYghujPheCqA6PQxhpGsRP5ErmLnw21xQlrH9h4PcikumI3RCB+NhPDkz+9TmejGhK4gCfWynjOi5zVjBbPNKiGvMEoYlGLIwOLtYRHVfZ8YaY5olMvIvL/jGHXZHorWi6UKjv1ws8tXYgQ3Vu0EWPh27wKnSwlpMTL9pNKJyILSY0wUa1xb/eiS6rE= eric@eric-laptop\n",
                "username": "adminuser"
              }
            ],
            "admin_username": "adminuser",
            "allow_extension_operations": true,
            "availability_set_id": "",
            "boot_diagnostics": [],
            "computer_name": "vm0",
            "custom_data": null,
            "dedicated_host_group_id": "",
            "dedicated_host_id": "",
            "disable_password_authentication": true,
            "encryption_at_host_enabled": false,
            "eviction_policy": "",
            "extensions_time_budget": "PT1H30M",
            "id": "/subscriptions/684ced21-725c-47a4-9570-0f8aba07dfb9/resourceGroups/vmtestrg/providers/Microsoft.Compute/virtualMachines/vm0",
            "identity": [],
            "license_type": "",
            "location": "eastus",
            "max_bid_price": -1,
            "name": "vm0",
            "network_interface_ids": [
              "/subscriptions/684ced21-725c-47a4-9570-0f8aba07dfb9/resourceGroups/vmtestrg/providers/Microsoft.Network/networkInterfaces/nic1"
            ],
            "os_disk": [
              {
                "caching": "ReadWrite",
                "diff_disk_settings": [],
                "disk_encryption_set_id": "",
                "disk_size_gb": 30,
                "name": "vm0_OsDisk_1_bd2a742c5fae4bf39f7cb7c606cf8741",
                "storage_account_type": "Standard_LRS",
                "write_accelerator_enabled": false
              }
            ],
            "patch_mode": "ImageDefault",
            "plan": [],
            "platform_fault_domain": -1,
            "priority": "Regular",
            "private_ip_address": "10.240.0.4",
            "private_ip_addresses": [
              "10.240.0.4"
            ],
            "provision_vm_agent": true,
            "proximity_placement_group_id": "",
            "public_ip_address": "20.120.81.13",
            "public_ip_addresses": [
              "20.120.81.13"
            ],
            "resource_group_name": "vmtestrg",
            "secret": [],
            "secure_boot_enabled": false,
            "size": "Standard_D2_v2",
            "source_image_id": "",
            "source_image_reference": [
              {
                "offer": "UbuntuServer",
                "publisher": "Canonical",
                "sku": "18.04-LTS",
                "version": "latest"
              }
            ],
            "tags": {
              "environment": "test"
            },
            "timeouts": null,
            "user_data": "",
            "virtual_machine_id": "7bace332-3ed7-483f-9131-dfb9386382a2",
            "virtual_machine_scale_set_id": "",
            "vtpm_enabled": false,
            "zone": ""
          },
          "sensitive_attributes": [],
          "private": "eyJlMmJmYjczMC1lY2FhLTExZTYtOGY4OC0zNDM2M2JjN2M0YzAiOnsiY3JlYXRlIjoyNzAwMDAwMDAwMDAwLCJkZWxldGUiOjI3MDAwMDAwMDAwMDAsInJlYWQiOjMwMDAwMDAwMDAwMCwidXBkYXRlIjoyNzAwMDAwMDAwMDAwfX0=",
          "dependencies": [
            "azurerm_network_interface.nic1",
            "azurerm_public_ip.pip1",
            "azurerm_resource_group.rg",
            "azurerm_subnet.subnet1"
          ]
        }
      ]
    },
    {
      "mode": "managed",
      "type": "azurerm_network_interface",
      "name": "nic1",
      "provider": "provider[\"registry.terraform.io/hashicorp/azurerm\"]",
      "instances": [
        {
          "schema_version": 0,
          "attributes": {
            "applied_dns_servers": [],
            "dns_servers": [],
            "enable_accelerated_networking": false,
            "enable_ip_forwarding": false,
            "id": "/subscriptions/684ced21-725c-47a4-9570-0f8aba07dfb9/resourceGroups/vmtestrg/providers/Microsoft.Network/networkInterfaces/nic1",
            "internal_dns_name_label": "",
            "internal_domain_name_suffix": "skqlveixqvse3ptvwam1wly2va.bx.internal.cloudapp.net",
            "ip_configuration": [
              {
                "gateway_load_balancer_frontend_ip_configuration_id": "",
                "name": "internal",
                "primary": true,
                "private_ip_address": "10.240.0.4",
                "private_ip_address_allocation": "Dynamic",
                "private_ip_address_version": "IPv4",
                "public_ip_address_id": "/subscriptions/684ced21-725c-47a4-9570-0f8aba07dfb9/resourceGroups/vmtestrg/providers/Microsoft.Network/publicIPAddresses/pip1",
                "subnet_id": "/subscriptions/684ced21-725c-47a4-9570-0f8aba07dfb9/resourceGroups/vmtestrg/providers/Microsoft.Network/virtualNetworks/vm-test-vnet/subnets/internal"
              }
            ],
            "location": "eastus",
            "mac_address": "",
            "name": "nic1",
            "private_ip_address": "10.240.0.4",
            "private_ip_addresses": [
              "10.240.0.4"
            ],
            "resource_group_name": "vmtestrg",
            "tags": null,
            "timeouts": null,
            "virtual_machine_id": ""
          },
          "sensitive_attributes": [],
          "private": "eyJlMmJmYjczMC1lY2FhLTExZTYtOGY4OC0zNDM2M2JjN2M0YzAiOnsiY3JlYXRlIjoxODAwMDAwMDAwMDAwLCJkZWxldGUiOjE4MDAwMDAwMDAwMDAsInJlYWQiOjMwMDAwMDAwMDAwMCwidXBkYXRlIjoxODAwMDAwMDAwMDAwfX0=",
          "dependencies": [
            "azurerm_public_ip.pip1",
            "azurerm_resource_group.rg",
            "azurerm_subnet.subnet1"
          ]
        }
      ]
    },
    {
      "mode": "managed",
      "type": "azurerm_network_interface_security_group_association",
      "name": "nsg_associate",
      "provider": "provider[\"registry.terraform.io/hashicorp/azurerm\"]",
      "instances": [
        {
          "schema_version": 0,
          "attributes": {
            "id": "/subscriptions/684ced21-725c-47a4-9570-0f8aba07dfb9/resourceGroups/vmtestrg/providers/Microsoft.Network/networkInterfaces/nic1|/subscriptions/684ced21-725c-47a4-9570-0f8aba07dfb9/resourceGroups/vmtestrg/providers/Microsoft.Network/networkSecurityGroups/nsg1",
            "network_interface_id": "/subscriptions/684ced21-725c-47a4-9570-0f8aba07dfb9/resourceGroups/vmtestrg/providers/Microsoft.Network/networkInterfaces/nic1",
            "network_security_group_id": "/subscriptions/684ced21-725c-47a4-9570-0f8aba07dfb9/resourceGroups/vmtestrg/providers/Microsoft.Network/networkSecurityGroups/nsg1",
            "timeouts": null
          },
          "sensitive_attributes": [],
          "private": "eyJlMmJmYjczMC1lY2FhLTExZTYtOGY4OC0zNDM2M2JjN2M0YzAiOnsiY3JlYXRlIjoxODAwMDAwMDAwMDAwLCJkZWxldGUiOjE4MDAwMDAwMDAwMDAsInJlYWQiOjMwMDAwMDAwMDAwMCwidXBkYXRlIjoxODAwMDAwMDAwMDAwfX0=",
          "dependencies": [
            "azurerm_network_interface.nic1",
            "azurerm_network_security_group.nsg1",
            "azurerm_public_ip.pip1",
            "azurerm_resource_group.rg",
            "azurerm_subnet.subnet1"
          ]
        }
      ]
    },
    {
      "mode": "managed",
      "type": "azurerm_network_security_group",
      "name": "nsg1",
      "provider": "provider[\"registry.terraform.io/hashicorp/azurerm\"]",
      "instances": [
        {
          "schema_version": 0,
          "attributes": {
            "id": "/subscriptions/684ced21-725c-47a4-9570-0f8aba07dfb9/resourceGroups/vmtestrg/providers/Microsoft.Network/networkSecurityGroups/nsg1",
            "location": "eastus",
            "name": "nsg1",
            "resource_group_name": "vmtestrg",
            "security_rule": [
              {
                "access": "Allow",
                "description": "",
                "destination_address_prefix": "*",
                "destination_address_prefixes": [],
                "destination_application_security_group_ids": [],
                "destination_port_range": "22",
                "destination_port_ranges": [],
                "direction": "Inbound",
                "name": "SSH",
                "priority": 1001,
                "protocol": "Tcp",
                "source_address_prefix": "*",
                "source_address_prefixes": [],
                "source_application_security_group_ids": [],
                "source_port_range": "*",
                "source_port_ranges": []
              }
            ],
            "tags": {
              "environment": "test"
            },
            "timeouts": null
          },
          "sensitive_attributes": [],
          "private": "eyJlMmJmYjczMC1lY2FhLTExZTYtOGY4OC0zNDM2M2JjN2M0YzAiOnsiY3JlYXRlIjoxODAwMDAwMDAwMDAwLCJkZWxldGUiOjE4MDAwMDAwMDAwMDAsInJlYWQiOjMwMDAwMDAwMDAwMCwidXBkYXRlIjoxODAwMDAwMDAwMDAwfX0=",
          "dependencies": [
            "azurerm_resource_group.rg"
          ]
        }
      ]
    },
    {
      "mode": "managed",
      "type": "azurerm_public_ip",
      "name": "pip1",
      "provider": "provider[\"registry.terraform.io/hashicorp/azurerm\"]",
      "instances": [
        {
          "schema_version": 0,
          "attributes": {
            "allocation_method": "Dynamic",
            "availability_zone": "No-Zone",
            "domain_name_label": "vmtestrg-vm0",
            "fqdn": "vmtestrg-vm0.eastus.cloudapp.azure.com",
            "id": "/subscriptions/684ced21-725c-47a4-9570-0f8aba07dfb9/resourceGroups/vmtestrg/providers/Microsoft.Network/publicIPAddresses/pip1",
            "idle_timeout_in_minutes": 4,
            "ip_address": "",
            "ip_tags": null,
            "ip_version": "IPv4",
            "location": "eastus",
            "name": "pip1",
            "public_ip_prefix_id": null,
            "resource_group_name": "vmtestrg",
            "reverse_fqdn": "",
            "sku": "Basic",
            "sku_tier": "Regional",
            "tags": {
              "environment": "test"
            },
            "timeouts": null,
            "zones": []
          },
          "sensitive_attributes": [],
          "private": "eyJlMmJmYjczMC1lY2FhLTExZTYtOGY4OC0zNDM2M2JjN2M0YzAiOnsiY3JlYXRlIjoxODAwMDAwMDAwMDAwLCJkZWxldGUiOjE4MDAwMDAwMDAwMDAsInJlYWQiOjMwMDAwMDAwMDAwMCwidXBkYXRlIjoxODAwMDAwMDAwMDAwfX0=",
          "dependencies": [
            "azurerm_resource_group.rg"
          ]
        }
      ]
    },
    {
      "mode": "managed",
      "type": "azurerm_resource_group",
      "name": "rg",
      "provider": "provider[\"registry.terraform.io/hashicorp/azurerm\"]",
      "instances": [
        {
          "schema_version": 0,
          "attributes": {
            "id": "/subscriptions/684ced21-725c-47a4-9570-0f8aba07dfb9/resourceGroups/vmtestrg",
            "location": "eastus",
            "name": "vmtestrg",
            "tags": {
              "Environment": "test"
            },
            "timeouts": null
          },
          "sensitive_attributes": [],
          "private": "eyJlMmJmYjczMC1lY2FhLTExZTYtOGY4OC0zNDM2M2JjN2M0YzAiOnsiY3JlYXRlIjo1NDAwMDAwMDAwMDAwLCJkZWxldGUiOjU0MDAwMDAwMDAwMDAsInJlYWQiOjMwMDAwMDAwMDAwMCwidXBkYXRlIjo1NDAwMDAwMDAwMDAwfX0="
        }
      ]
    },
    {
      "mode": "managed",
      "type": "azurerm_subnet",
      "name": "subnet1",
      "provider": "provider[\"registry.terraform.io/hashicorp/azurerm\"]",
      "instances": [
        {
          "schema_version": 0,
          "attributes": {
            "address_prefix": "10.240.0.0/24",
            "address_prefixes": [
              "10.240.0.0/24"
            ],
            "delegation": [],
            "enforce_private_link_endpoint_network_policies": false,
            "enforce_private_link_service_network_policies": false,
            "id": "/subscriptions/684ced21-725c-47a4-9570-0f8aba07dfb9/resourceGroups/vmtestrg/providers/Microsoft.Network/virtualNetworks/vm-test-vnet/subnets/internal",
            "name": "internal",
            "resource_group_name": "vmtestrg",
            "service_endpoint_policy_ids": [],
            "service_endpoints": [],
            "timeouts": null,
            "virtual_network_name": "vm-test-vnet"
          },
          "sensitive_attributes": [],
          "private": "eyJlMmJmYjczMC1lY2FhLTExZTYtOGY4OC0zNDM2M2JjN2M0YzAiOnsiY3JlYXRlIjoxODAwMDAwMDAwMDAwLCJkZWxldGUiOjE4MDAwMDAwMDAwMDAsInJlYWQiOjMwMDAwMDAwMDAwMCwidXBkYXRlIjoxODAwMDAwMDAwMDAwfX0=",
          "dependencies": [
            "azurerm_resource_group.rg",
            "azurerm_virtual_network.vnet"
          ]
        }
      ]
    },
    {
      "mode": "managed",
      "type": "azurerm_virtual_network",
      "name": "vnet",
      "provider": "provider[\"registry.terraform.io/hashicorp/azurerm\"]",
      "instances": [
        {
          "schema_version": 0,
          "attributes": {
            "address_space": [
              "10.240.0.0/16"
            ],
            "bgp_community": "",
            "ddos_protection_plan": [],
            "dns_servers": [],
            "flow_timeout_in_minutes": 0,
            "guid": "91baa092-8517-4e64-be75-b019bb2f1ca8",
            "id": "/subscriptions/684ced21-725c-47a4-9570-0f8aba07dfb9/resourceGroups/vmtestrg/providers/Microsoft.Network/virtualNetworks/vm-test-vnet",
            "location": "eastus",
            "name": "vm-test-vnet",
            "resource_group_name": "vmtestrg",
            "subnet": [
              {
                "address_prefix": "10.240.0.0/24",
                "id": "/subscriptions/684ced21-725c-47a4-9570-0f8aba07dfb9/resourceGroups/vmtestrg/providers/Microsoft.Network/virtualNetworks/vm-test-vnet/subnets/internal",
                "name": "internal",
                "security_group": ""
              }
            ],
            "tags": {},
            "timeouts": null,
            "vm_protection_enabled": false
          },
          "sensitive_attributes": [],
          "private": "eyJlMmJmYjczMC1lY2FhLTExZTYtOGY4OC0zNDM2M2JjN2M0YzAiOnsiY3JlYXRlIjoxODAwMDAwMDAwMDAwLCJkZWxldGUiOjE4MDAwMDAwMDAwMDAsInJlYWQiOjMwMDAwMDAwMDAwMCwidXBkYXRlIjoxODAwMDAwMDAwMDAwfX0=",
          "dependencies": [
            "azurerm_resource_group.rg"
          ]
        }
      ]
    }
  ]
}
